
Microsoft Visual Studio Solution File, Format Version 12.00
# Visual Studio Version 17
VisualStudioVersion = 17.14.36429.23 d17.14
MinimumVisualStudioVersion = 10.0.40219.1
Project("{FAE04EC0-301F-11D3-BF4B-00C04F79EFBC}") = "TGbot", "TGbot.csproj", "{4BECF2F0-1C0C-4B83-A3B4-58E9C62B6E2A}"
EndProject
Global
	GlobalSection(SolutionConfigurationPlatforms) = preSolution
		Debug|Any CPU = Debug|Any CPU
		Release|Any CPU = Release|Any CPU
	EndGlobalSection
	GlobalSection(ProjectConfigurationPlatforms) = postSolution
		{4BECF2F0-1C0C-4B83-A3B4-58E9C62B6E2A}.Debug|Any CPU.ActiveCfg = Debug|Any CPU
		{4BECF2F0-1C0C-4B83-A3B4-58E9C62B6E2A}.Debug|Any CPU.Build.0 = Debug|Any CPU
		{4BECF2F0-1C0C-4B83-A3B4-58E9C62B6E2A}.Release|Any CPU.ActiveCfg = Release|Any CPU
		{4BECF2F0-1C0C-4B83-A3B4-58E9C62B6E2A}.Release|Any CPU.Build.0 = Release|Any CPU
	EndGlobalSection
	GlobalSection(SolutionProperties) = preSolution
		HideSolutionNode = FALSE
	EndGlobalSection
	GlobalSection(ExtensibilityGlobals) = postSolution
		SolutionGuid = {BDEEEBFD-4AFF-48F2-8A1A-D0D200C891DF}
	EndGlobalSection
EndGlobal
